// !$*UTF8*$!
{
	archiveVersion = 1;
	classes = {
	};
	objectVersion = 48;
	objects = {

/* Begin PBXBuildFile section */
		1686BA54201872500078911E /* AppDelegate.swift in Sources */ = {isa = PBXBuildFile; fileRef = 1686BA53201872500078911E /* AppDelegate.swift */; };
		1686BA56201872500078911E /* ViewController.swift in Sources */ = {isa = PBXBuildFile; fileRef = 1686BA55201872500078911E /* ViewController.swift */; };
		1686BA59201872500078911E /* Main.storyboard in Resources */ = {isa = PBXBuildFile; fileRef = 1686BA57201872500078911E /* Main.storyboard */; };
		1686BA5B201872500078911E /* Assets.xcassets in Resources */ = {isa = PBXBuildFile; fileRef = 1686BA5A201872500078911E /* Assets.xcassets */; };
		1686BA5E201872500078911E /* LaunchScreen.storyboard in Resources */ = {isa = PBXBuildFile; fileRef = 1686BA5C201872500078911E /* LaunchScreen.storyboard */; };
		1686BA662018733D0078911E /* Cell.swift in Sources */ = {isa = PBXBuildFile; fileRef = 1686BA652018733D0078911E /* Cell.swift */; };
		1686BA68201879D80078911E /* Example.jpg in Resources */ = {isa = PBXBuildFile; fileRef = 1686BA67201879D80078911E /* Example.jpg */; };
/* End PBXBuildFile section */

/* Begin PBXFileReference section */
		1686BA50201872500078911E /* CircularCells.app */ = {isa = PBXFileReference; explicitFileType = wrapper.application; includeInIndex = 0; path = CircularCells.app; sourceTree = BUILT_PRODUCTS_DIR; };
		1686BA53201872500078911E /* AppDelegate.swift */ = {isa = PBXFileReference; lastKnownFileType = sourcecode.swift; path = AppDelegate.swift; sourceTree = "<group>"; };
		1686BA55201872500078911E /* ViewController.swift */ = {isa = PBXFileReference; lastKnownFileType = sourcecode.swift; path = ViewController.swift; sourceTree = "<group>"; };
		1686BA58201872500078911E /* Base */ = {isa = PBXFileReference; lastKnownFileType = file.storyboard; name = Base; path = Base.lproj/Main.storyboard; sourceTree = "<group>"; };
		1686BA5A201872500078911E /* Assets.xcassets */ = {isa = PBXFileReference; lastKnownFileType = folder.assetcatalog; path = Assets.xcassets; sourceTree = "<group>"; };
		1686BA5D201872500078911E /* Base */ = {isa = PBXFileReference; lastKnownFileType = file.storyboard; name = Base; path = Base.lproj/LaunchScreen.storyboard; sourceTree = "<group>"; };
		1686BA5F201872500078911E /* Info.plist */ = {isa = PBXFileReference; lastKnownFileType = text.plist.xml; path = Info.plist; sourceTree = "<group>"; };
		1686BA652018733D0078911E /* Cell.swift */ = {isa = PBXFileReference; lastKnownFileType = sourcecode.swift; path = Cell.swift; sourceTree = "<group>"; };
		1686BA67201879D80078911E /* Example.jpg */ = {isa = PBXFileReference; lastKnownFileType = image.jpeg; path = Example.jpg; sourceTree = "<group>"; };
/* End PBXFileReference section */

/* Begin PBXFrameworksBuildPhase section */
		1686BA4D201872500078911E /* Frameworks */ = {
			isa = PBXFrameworksBuildPhase;
			buildActionMask = 2147483647;
			files = (
			);
			runOnlyForDeploymentPostprocessing = 0;
		};
/* End PBXFrameworksBuildPhase section */

/* Begin PBXGroup section */
		1686BA47201872500078911E = {
			isa = PBXGroup;
			children = (
				1686BA52201872500078911E /* CircularCells */,
				1686BA51201872500078911E /* Products */,
			);
			sourceTree = "<group>";
		};
		1686BA51201872500078911E /* Products */ = {
			isa = PBXGroup;
			children = (
				1686BA50201872500078911E /* CircularCells.app */,
			);
			name = Products;
			sourceTree = "<group>";
		};
		1686BA52201872500078911E /* CircularCells */ = {
			isa = PBXGroup;
			children = (
				1686BA67201879D80078911E /* Example.jpg */,
				1686BA53201872500078911E /* AppDelegate.swift */,
				1686BA55201872500078911E /* ViewController.swift */,
				1686BA652018733D0078911E /* Cell.swift */,
				1686BA57201872500078911E /* Main.storyboard */,
				1686BA5C201872500078911E /* LaunchScreen.storyboard */,
				1686BA5A201872500078911E /* Assets.xcassets */,
				1686BA5F201872500078911E /* Info.plist */,
			);
			path = CircularCells;
			sourceTree = "<group>";
		};
/* End PBXGroup section */

/* Begin PBXNativeTarget section */
		1686BA4F201872500078911E /* CircularCells */ = {
			isa = PBXNativeTarget;
			buildConfigurationList = 1686BA62201872500078911E /* Build configuration list for PBXNativeTarget "CircularCells" */;
			buildPhases = (
				1686BA4C201872500078911E /* Sources */,
				1686BA4D201872500078911E /* Frameworks */,
				1686BA4E201872500078911E /* Resources */,
			);
			buildRules = (
			);
			dependencies = (
			);
			name = CircularCells;
			productName = Example;
			productReference = 1686BA50201872500078911E /* CircularCells.app */;
			productType = "com.apple.product-type.application";
		};
/* End PBXNativeTarget section */

/* Begin PBXProject section */
		1686BA48201872500078911E /* Project object */ = {
			isa = PBXProject;
			attributes = {
				LastSwiftUpdateCheck = 0920;
				LastUpgradeCheck = 1100;
				ORGANIZATIONNAME = "Tibor Bödecs";
				TargetAttributes = {
					1686BA4F201872500078911E = {
						CreatedOnToolsVersion = 9.2;
						ProvisioningStyle = Automatic;
					};
				};
			};
			buildConfigurationList = 1686BA4B201872500078911E /* Build configuration list for PBXProject "CircularCells" */;
			compatibilityVersion = "Xcode 8.0";
			developmentRegion = en;
			hasScannedForEncodings = 0;
			knownRegions = (
				en,
				Base,
			);
			mainGroup = 1686BA47201872500078911E;
			productRefGroup = 1686BA51201872500078911E /* Products */;
			projectDirPath = "";
			projectRoot = "";
			targets = (
				1686BA4F201872500078911E /* CircularCells */,
			);
		};
/* End PBXProject section */

/* Begin PBXResourcesBuildPhase section */
		1686BA4E201872500078911E /* Resources */ = {
			isa = PBXResourcesBuildPhase;
			buildActionMask = 2147483647;
			files = (
				1686BA5E201872500078911E /* LaunchScreen.storyboard in Resources */,
				1686BA5B201872500078911E /* Assets.xcassets in Resources */,
				1686BA68201879D80078911E /* Example.jpg in Resources */,
				1686BA59201872500078911E /* Main.storyboard in Resources */,
			);
			runOnlyForDeploymentPostprocessing = 0;
		};
/* End PBXResourcesBuildPhase section */

/* Begin PBXSourcesBuildPhase section */
		1686BA4C201872500078911E /* Sources */ = {
			isa = PBXSourcesBuildPhase;
			buildActionMask = 2147483647;
			files = (
				1686BA56201872500078911E /* ViewController.swift in Sources */,
				1686BA54201872500078911E /* AppDelegate.swift in Sources */,
				1686BA662018733D0078911E /* Cell.swift in Sources */,
			);
			runOnlyForDeploymentPostprocessing = 0;
		};
/* End PBXSourcesBuildPhase section */

/* Begin PBXVariantGroup section */
		1686BA57201872500078911E /* Main.storyboard */ = {
			isa = PBXVariantGroup;
			children = (
				1686BA58201872500078911E /* Base */,
			);
			name = Main.storyboard;
			sourceTree = "<group>";
		};
		1686BA5C201872500078911E /* LaunchScreen.storyboard */ = {
			isa = PBXVariantGroup;
			children = (
				1686BA5D201872500078911E /* Base */,
			);
			name = LaunchScreen.storyboard;
			sourceTree = "<group>";
		};
/* End PBXVariantGroup section */

/* Begin XCBuildConfiguration section */
		1686BA60201872500078911E /* Debug */ = {
			isa = XCBuildConfiguration;
			buildSettings = {
				ALWAYS_SEARCH_USER_PATHS = NO;
				CLANG_ANALYZER_NONNULL = YES;
				CLANG_ANALYZER_NUMBER_OBJECT_CONVERSION = YES_AGGRESSIVE;
				CLANG_CXX_LANGUAGE_STANDARD = "gnu++14";
				CLANG_CXX_LIBRARY = "libc++";
				CLANG_ENABLE_MODULES = YES;
				CLANG_ENABLE_OBJC_ARC = YES;
				CLANG_WARN_BLOCK_CAPTURE_AUTORELEASING = YES;
				CLANG_WARN_BOOL_CONVERSION = YES;
				CLANG_WARN_COMMA = YES;
				CLANG_WARN_CONSTANT_CONVERSION = YES;
				CLANG_WARN_DEPRECATED_OBJC_IMPLEMENTATIONS = YES;
				CLANG_WARN_DIRECT_OBJC_ISA_USAGE = YES_ERROR;
				CLANG_WARN_DOCUMENTATION_COMMENTS = YES;
				CLANG_WARN_EMPTY_BODY = YES;
				CLANG_WARN_ENUM_CONVERSION = YES;
				CLANG_WARN_INFINITE_RECURSION = YES;
				CLANG_WARN_INT_CONVERSION = YES;
				CLANG_WARN_NON_LITERAL_NULL_CONVERSION = YES;
				CLANG_WARN_OBJC_IMPLICIT_RETAIN_SELF = YES;
				CLANG_WARN_OBJC_LITERAL_CONVERSION = YES;
				CLANG_WARN_OBJC_ROOT_CLASS = YES_ERROR;
				CLANG_WARN_RANGE_LOOP_ANALYSIS = YES;
				CLANG_WARN_STRICT_PROTOTYPES = YES;
				CLANG_WARN_SUSPICIOUS_MOVE = YES;
				CLANG_WARN_UNGUARDED_AVAILABILITY = YES_AGGRESSIVE;
				CLANG_WARN_UNREACHABLE_CODE = YES;
				CLANG_WARN__DUPLICATE_METHOD_MATCH = YES;
				CODE_SIGN_IDENTITY = "iPhone Developer";
				COPY_PHASE_STRIP = NO;
				DEBUG_INFORMATION_FORMAT = dwarf;
				ENABLE_STRICT_OBJC_MSGSEND = YES;
				ENABLE_TESTABILITY = YES;
				GCC_C_LANGUAGE_STANDARD = gnu11;
				GCC_DYNAMIC_NO_PIC = NO;
				GCC_NO_COMMON_BLOCKS = YES;
				GCC_OPTIMIZATION_LEVEL = 0;
				GCC_PREPROCESSOR_DEFINITIONS = (
					"DEBUG=1",
					"$(inherited)",
				);
				GCC_WARN_64_TO_32_BIT_CONVERSION = YES;
				GCC_WARN_ABOUT_RETURN_TYPE = YES_ERROR;
				GCC_WARN_UNDECLARED_SELECTOR = YES;
				GCC_WARN_UNINITIALIZED_AUTOS = YES_AGGRESSIVE;
				GCC_WARN_UNUSED_FUNCTION = YES;
				GCC_WARN_UNUSED_VARIABLE = YES;
				IPHONEOS_DEPLOYMENT_TARGET = 10.0;
				MTL_ENABLE_DEBUG_INFO = YES;
				ONLY_ACTIVE_ARCH = YES;
				SDKROOT = iphoneos;
				SWIFT_ACTIVE_COMPILATION_CONDITIONS = DEBUG;
				SWIFT_OPTIMIZATION_LEVEL = "-Onone";
			};
			name = Debug;
		};
		1686BA61201872500078911E /* Release */ = {
			isa = XCBuildConfiguration;
			buildSettings = {
				ALWAYS_SEARCH_USER_PATHS = NO;
				CLANG_ANALYZER_NONNULL = YES;
				CLANG_ANALYZER_NUMBER_OBJECT_CONVERSION = YES_AGGRESSIVE;
				CLANG_CXX_LANGUAGE_STANDARD = "gnu++14";
				CLANG_CXX_LIBRARY = "libc++";
				CLANG_ENABLE_MODULES = YES;
				CLANG_ENABLE_OBJC_ARC = YES;
				CLANG_WARN_BLOCK_CAPTURE_AUTORELEASING = YES;
				CLANG_WARN_BOOL_CONVERSION = YES;
				CLANG_WARN_COMMA = YES;
				CLANG_WARN_CONSTANT_CONVERSION = YES;
				CLANG_WARN_DEPRECATED_OBJC_IMPLEMENTATIONS = YES;
				CLANG_WARN_DIRECT_OBJC_ISA_USAGE = YES_ERROR;
				CLANG_WARN_DOCUMENTATION_COMMENTS = YES;
				CLANG_WARN_EMPTY_BODY = YES;
				CLANG_WARN_ENUM_CONVERSION = YES;
				CLANG_WARN_INFINITE_RECURSION = YES;
				CLANG_WARN_INT_CONVERSION = YES;
				CLANG_WARN_NON_LITERAL_NULL_CONVERSION = YES;
				CLANG_WARN_OBJC_IMPLICIT_RETAIN_SELF = YES;
				CLANG_WARN_OBJC_LITERAL_CONVERSION = YES;
				CLANG_WARN_OBJC_ROOT_CLASS = YES_ERROR;
				CLANG_WARN_RANGE_LOOP_ANALYSIS = YES;
				CLANG_WARN_STRICT_PROTOTYPES = YES;
				CLANG_WARN_SUSPICIOUS_MOVE = YES;
				CLANG_WARN_UNGUARDED_AVAILABILITY = YES_AGGRESSIVE;
				CLANG_WARN_UNREACHABLE_CODE = YES;
				CLANG_WARN__DUPLICATE_METHOD_MATCH = YES;
				CODE_SIGN_IDENTITY = "iPhone Developer";
				COPY_PHASE_STRIP = NO;
				DEBUG_INFORMATION_FORMAT = "dwarf-with-dsym";
				ENABLE_NS_ASSERTIONS = NO;
				ENABLE_STRICT_OBJC_MSGSEND = YES;
				GCC_C_LANGUAGE_STANDARD = gnu11;
				GCC_NO_COMMON_BLOCKS = YES;
				GCC_WARN_64_TO_32_BIT_CONVERSION = YES;
				GCC_WARN_ABOUT_RETURN_TYPE = YES_ERROR;
				GCC_WARN_UNDECLARED_SELECTOR = YES;
				GCC_WARN_UNINITIALIZED_AUTOS = YES_AGGRESSIVE;
				GCC_WARN_UNUSED_FUNCTION = YES;
				GCC_WARN_UNUSED_VARIABLE = YES;
				IPHONEOS_DEPLOYMENT_TARGET = 10.0;
				MTL_ENABLE_DEBUG_INFO = NO;
				SDKROOT = iphoneos;
				SWIFT_OPTIMIZATION_LEVEL = "-Owholemodule";
				VALIDATE_PRODUCT = YES;
			};
			name = Release;
		};
		1686BA63201872500078911E /* Debug */ = {
			isa = XCBuildConfiguration;
			buildSettings = {
				ASSETCATALOG_COMPILER_APPICON_NAME = AppIcon;
				CODE_SIGN_STYLE = Automatic;
				DEVELOPMENT_TEAM = XL2GSHMUDQ;
				INFOPLIST_FILE = CircularCells/Info.plist;
				IPHONEOS_DEPLOYMENT_TARGET = 10.0;
				LD_RUNPATH_SEARCH_PATHS = "$(inherited) @executable_path/Frameworks";
				PRODUCT_BUNDLE_IDENTIFIER = com.tiborbodecs.CircularCells;
				PRODUCT_NAME = "$(TARGET_NAME)";
				SWIFT_VERSION = 5.0;
				TARGETED_DEVICE_FAMILY = "1,2";
			};
			name = Debug;
		};
		1686BA64201872500078911E /* Release */ = {
			isa = XCBuildConfiguration;
			buildSettings = {
				ASSETCATALOG_COMPILER_APPICON_NAME = AppIcon;
				CODE_SIGN_STYLE = Automatic;
				DEVELOPMENT_TEAM = XL2GSHMUDQ;
				INFOPLIST_FILE = CircularCells/Info.plist;
				IPHONEOS_DEPLOYMENT_TARGET = 10.0;
				LD_RUNPATH_SEARCH_PATHS = "$(inherited) @executable_path/Frameworks";
				PRODUCT_BUNDLE_IDENTIFIER = com.tiborbodecs.CircularCells;
				PRODUCT_NAME = "$(TARGET_NAME)";
				SWIFT_VERSION = 5.0;
				TARGETED_DEVICE_FAMILY = "1,2";
			};
			name = Release;
		};
/* End XCBuildConfiguration section */

/* Begin XCConfigurationList section */
		1686BA4B201872500078911E /* Build configuration list for PBXProject "CircularCells" */ = {
			isa = XCConfigurationList;
			buildConfigurations = (
				1686BA60201872500078911E /* Debug */,
				1686BA61201872500078911E /* Release */,
			);
			defaultConfigurationIsVisible = 0;
			defaultConfigurationName = Release;
		};
		1686BA62201872500078911E /* Build configuration list for PBXNativeTarget "CircularCells" */ = {
			isa = XCConfigurationList;
			buildConfigurations = (
				1686BA63201872500078911E /* Debug */,
				1686BA64201872500078911E /* Release */,
			);
			defaultConfigurationIsVisible = 0;
			defaultConfigurationName = Release;
		};
/* End XCConfigurationList section */
	};
	rootObject = 1686BA48201872500078911E /* Project object */;
}
